<?xml version="1.0" encoding="utf-8"?>
<Project ToolsVersion="4.0" xmlns="http://schemas.microsoft.com/developer/msbuild/2003">
  <ItemGroup>
    <Filter Include="Source Files">
      <UniqueIdentifier>{4FC737F1-C7A5-4376-A066-2A32D752A2FF}</UniqueIdentifier>
      <Extensions>cpp;c;cc;cxx;c++;cppm;ixx;def;odl;idl;hpj;bat;asm;asmx</Extensions>
    </Filter>
    <Filter Include="Header Files">
      <UniqueIdentifier>{93995380-89BD-4b04-88EB-625FBE52EBFB}</UniqueIdentifier>
      <Extensions>h;hh;hpp;hxx;h++;hm;inl;inc;ipp;xsd</Extensions>
    </Filter>
    <Filter Include="Resource Files">
      <UniqueIdentifier>{67DA6AB6-F800-4c08-8B7A-83BB121AAD01}</UniqueIdentifier>
      <Extensions>rc;ico;cur;bmp;dlg;rc2;rct;bin;rgs;gif;jpg;jpeg;jpe;resx;tiff;tif;png;wav;mfcribbon-ms</Extensions>
    </Filter>
    <Filter Include="Source Files\overlay">
      <UniqueIdentifier>{3a32a7c9-1f6e-4b7f-b1af-eb3b6b7a6a1a}</UniqueIdentifier>
    </Filter>
    <Filter Include="Source Files\chat">
      <UniqueIdentifier>{4b43b8da-2e7d-4c6f-9e2a-d861b9e7b2b2}</UniqueIdentifier>
    </Filter>
    <Filter Include="Source Files\network">
      <UniqueIdentifier>{5b54c9eb-3f8e-4d7f-ae3b-e972cae8c3c3}</UniqueIdentifier>
    </Filter>
    <Filter Include="Source Files\render">
      <UniqueIdentifier>{6c65dafc-4f9f-4e8e-bf4c-fa083dbf9d4d}</UniqueIdentifier>
    </Filter>
  </ItemGroup>
  <ItemGroup>
    <ClCompile Include="src\main.cpp">
      <Filter>Source Files</Filter>
    </ClCompile>
    <ClCompile Include="src\overlay\overlay_window.cpp">
      <Filter>Source Files\overlay</Filter>
    </ClCompile>
    <ClCompile Include="src\chat\chat_box.cpp">
      <Filter>Source Files\chat</Filter>
    </ClCompile>
    <ClCompile Include="src\network\chat_client.cpp">
      <Filter>Source Files\network</Filter>
    </ClCompile>
    <ClCompile Include="src\render\renderer.cpp">
      <Filter>Source Files\render</Filter>
    </ClCompile>
    <ClCompile Include="src\log.cpp">
      <Filter>Source Files</Filter>
    </ClCompile>
    <ClCompile Include="src\vk\inst.cpp">
      <Filter>Source Files\render</Filter>
    </ClCompile>
    <ClCompile Include="src\vk\device.cpp">
      <Filter>Source Files\render</Filter>
    </ClCompile>
    <ClCompile Include="src\vk\gpu.cpp">
      <Filter>Source Files\render</Filter>
    </ClCompile>
    <ClCompile Include="src\vk\rp.cpp">
      <Filter>Source Files\render</Filter>
    </ClCompile>
    <ClCompile Include="src\vk\util.cpp">
      <Filter>Source Files\render</Filter>
    </ClCompile>
    <ClCompile Include="src\vk\pipe.cpp">
      <Filter>Source Files\render</Filter>
    </ClCompile>
    <ClCompile Include="src\vk\font.cpp">
      <Filter>Source Files\render</Filter>
    </ClCompile>
    <ClCompile Include="src\vk\draw.cpp">
      <Filter>Source Files\render</Filter>
    </ClCompile>
    <ClCompile Include="src\chat\box.cpp">
      <Filter>Source Files\chat</Filter>
    </ClCompile>
    <ClCompile Include="src\net\client.cpp">
      <Filter>Source Files\network</Filter>
    </ClCompile>
    <ClCompile Include="src\ov\win.cpp">
      <Filter>Source Files\overlay</Filter>
    </ClCompile>
    <ClCompile Include="src\ov\view.cpp">
      <Filter>Source Files\overlay</Filter>
    </ClCompile>
    <ClCompile Include="src\ov\proc.cpp">
      <Filter>Source Files\overlay</Filter>
    </ClCompile>
    <ClCompile Include="src\ov\tray.cpp">
      <Filter>Source Files\overlay</Filter>
    </ClCompile>
    <ClCompile Include="src\ov\dlg.cpp">
      <Filter>Source Files\overlay</Filter>
    </ClCompile>
    <ClCompile Include="src\ov\reg.cpp">
      <Filter>Source Files\overlay</Filter>
    </ClCompile>
  </ItemGroup>
  <ItemGroup>
    <ClInclude Include="resource.h">
      <Filter>Header Files</Filter>
    </ClInclude>
    <ClInclude Include="src\overlay\overlay_window.h">
      <Filter>Header Files</Filter>
    </ClInclude>
    <ClInclude Include="src\chat\chat_box.h">
      <Filter>Header Files</Filter>
    </ClInclude>
    <ClInclude Include="src\network\chat_client.h">
      <Filter>Header Files</Filter>
    </ClInclude>
    <ClInclude Include="src\render\renderer.h">
      <Filter>Header Files</Filter>
    </ClInclude>
    <ClInclude Include="src\log.h">
      <Filter>Header Files</Filter>
    </ClInclude>
    <ClInclude Include="src\rgba.h">
      <Filter>Header Files</Filter>
    </ClInclude>
    <ClInclude Include="src\vk\types.h">
      <Filter>Header Files</Filter>
    </ClInclude>
    <ClInclude Include="src\vk\inst.h">
      <Filter>Header Files</Filter>
    </ClInclude>
    <ClInclude Include="src\vk\device.h">
      <Filter>Header Files</Filter>
    </ClInclude>
    <ClInclude Include="src\vk\gpu.h">
      <Filter>Header Files</Filter>
    </ClInclude>
    <ClInclude Include="src\vk\rp.h">
      <Filter>Header Files</Filter>
    </ClInclude>
    <ClInclude Include="src\vk\util.h">
      <Filter>Header Files</Filter>
    </ClInclude>
    <ClInclude Include="src\vk\pipe.h">
      <Filter>Header Files</Filter>
    </ClInclude>
    <ClInclude Include="src\vk\font.h">
      <Filter>Header Files</Filter>
    </ClInclude>
    <ClInclude Include="src\vk\font_data.h">
      <Filter>Header Files</Filter>
    </ClInclude>
    <ClInclude Include="src\vk\draw.h">
      <Filter>Header Files</Filter>
    </ClInclude>
    <ClInclude Include="src\vk\quad_vert_spv.h">
      <Filter>Header Files</Filter>
    </ClInclude>
    <ClInclude Include="src\vk\quad_frag_spv.h">
      <Filter>Header Files</Filter>
    </ClInclude>
    <ClInclude Include="src\chat\box.h">
      <Filter>Header Files</Filter>
    </ClInclude>
    <ClInclude Include="src\net\client.h">
      <Filter>Header Files</Filter>
    </ClInclude>
    <ClInclude Include="src\ov\win.h">
      <Filter>Header Files</Filter>
    </ClInclude>
    <ClInclude Include="src\ov\view.h">
      <Filter>Header Files</Filter>
    </ClInclude>
    <ClInclude Include="src\ov\proc.h">
      <Filter>Header Files</Filter>
    </ClInclude>
    <ClInclude Include="src\ov\tray.h">
      <Filter>Header Files</Filter>
    </ClInclude>
    <ClInclude Include="src\ov\dlg.h">
      <Filter>Header Files</Filter>
    </ClInclude>
    <ClInclude Include="src\ov\reg.h">
      <Filter>Header Files</Filter>
    </ClInclude>
  </ItemGroup>
  <ItemGroup>
    <ResourceCompile Include="resource.rc">
      <Filter>Resource Files</Filter>
    </ResourceCompile>
  </ItemGroup>
</Project>
